
Microsoft Visual Studio Solution File, Format Version 12.00
# Visual Studio 2012
Project("{8BC9CEB8-8B4A-11D0-8D11-00A0C91BC942}") = "Demo4_1", "Demo4_1\Demo4_1.vcxproj", "{0B5C4237-EE00-4653-8A44-628C37198FF3}"
EndProject
Global
	GlobalSection(SolutionConfigurationPlatforms) = preSolution
		Debug|Win32 = Debug|Win32
		Release|Win32 = Release|Win32
	EndGlobalSection
	GlobalSection(ProjectConfigurationPlatforms) = postSolution
		{0B5C4237-EE00-4653-8A44-628C37198FF3}.Debug|Win32.ActiveCfg = Debug|Win32
		{0B5C4237-EE00-4653-8A44-628C37198FF3}.Debug|Win32.Build.0 = Debug|Win32
		{0B5C4237-EE00-4653-8A44-628C37198FF3}.Release|Win32.ActiveCfg = Release|Win32
		{0B5C4237-EE00-4653-8A44-628C37198FF3}.Release|Win32.Build.0 = Release|Win32
	EndGlobalSection
	GlobalSection(SolutionProperties) = preSolution
		HideSolutionNode = FALSE
	EndGlobalSection
EndGlobal
