
Microsoft Visual Studio Solution File, Format Version 12.00
# Visual Studio 2012
Project("{8BC9CEB8-8B4A-11D0-8D11-00A0C91BC942}") = "Demo8_4", "Demo8_4\Demo8_4.vcxproj", "{9EEAE860-CCF7-4F92-9679-6185B12F3DA6}"
EndProject
Global
	GlobalSection(SolutionConfigurationPlatforms) = preSolution
		Debug|Win32 = Debug|Win32
		Release|Win32 = Release|Win32
	EndGlobalSection
	GlobalSection(ProjectConfigurationPlatforms) = postSolution
		{9EEAE860-CCF7-4F92-9679-6185B12F3DA6}.Debug|Win32.ActiveCfg = Debug|Win32
		{9EEAE860-CCF7-4F92-9679-6185B12F3DA6}.Debug|Win32.Build.0 = Debug|Win32
		{9EEAE860-CCF7-4F92-9679-6185B12F3DA6}.Release|Win32.ActiveCfg = Release|Win32
		{9EEAE860-CCF7-4F92-9679-6185B12F3DA6}.Release|Win32.Build.0 = Release|Win32
	EndGlobalSection
	GlobalSection(SolutionProperties) = preSolution
		HideSolutionNode = FALSE
	EndGlobalSection
EndGlobal
