
Microsoft Visual Studio Solution File, Format Version 12.00
# Visual Studio 2012
Project("{8BC9CEB8-8B4A-11D0-8D11-00A0C91BC942}") = "Demo6_1", "Demo6_1\Demo6_1.vcxproj", "{748697E8-31F9-409A-A0BC-23D0FD39BB34}"
EndProject
Global
	GlobalSection(SolutionConfigurationPlatforms) = preSolution
		Debug|Win32 = Debug|Win32
		Release|Win32 = Release|Win32
	EndGlobalSection
	GlobalSection(ProjectConfigurationPlatforms) = postSolution
		{748697E8-31F9-409A-A0BC-23D0FD39BB34}.Debug|Win32.ActiveCfg = Debug|Win32
		{748697E8-31F9-409A-A0BC-23D0FD39BB34}.Debug|Win32.Build.0 = Debug|Win32
		{748697E8-31F9-409A-A0BC-23D0FD39BB34}.Release|Win32.ActiveCfg = Release|Win32
		{748697E8-31F9-409A-A0BC-23D0FD39BB34}.Release|Win32.Build.0 = Release|Win32
	EndGlobalSection
	GlobalSection(SolutionProperties) = preSolution
		HideSolutionNode = FALSE
	EndGlobalSection
EndGlobal
