
Microsoft Visual Studio Solution File, Format Version 12.00
# Visual Studio 2012
Project("{8BC9CEB8-8B4A-11D0-8D11-00A0C91BC942}") = "Demo7_15", "Demo7_15\Demo7_15.vcxproj", "{283E4E09-EE02-424A-9E26-89D0457BD014}"
EndProject
Global
	GlobalSection(SolutionConfigurationPlatforms) = preSolution
		Debug|Win32 = Debug|Win32
		Release|Win32 = Release|Win32
	EndGlobalSection
	GlobalSection(ProjectConfigurationPlatforms) = postSolution
		{283E4E09-EE02-424A-9E26-89D0457BD014}.Debug|Win32.ActiveCfg = Debug|Win32
		{283E4E09-EE02-424A-9E26-89D0457BD014}.Debug|Win32.Build.0 = Debug|Win32
		{283E4E09-EE02-424A-9E26-89D0457BD014}.Release|Win32.ActiveCfg = Release|Win32
		{283E4E09-EE02-424A-9E26-89D0457BD014}.Release|Win32.Build.0 = Release|Win32
	EndGlobalSection
	GlobalSection(SolutionProperties) = preSolution
		HideSolutionNode = FALSE
	EndGlobalSection
EndGlobal
