
Microsoft Visual Studio Solution File, Format Version 12.00
# Visual Studio 2012
Project("{8BC9CEB8-8B4A-11D0-8D11-00A0C91BC942}") = "Demo6_2", "Demo6_2\Demo6_2.vcxproj", "{EFD6A721-5A02-45B8-99BD-896C7FADB755}"
EndProject
Global
	GlobalSection(SolutionConfigurationPlatforms) = preSolution
		Debug|Win32 = Debug|Win32
		Release|Win32 = Release|Win32
	EndGlobalSection
	GlobalSection(ProjectConfigurationPlatforms) = postSolution
		{EFD6A721-5A02-45B8-99BD-896C7FADB755}.Debug|Win32.ActiveCfg = Debug|Win32
		{EFD6A721-5A02-45B8-99BD-896C7FADB755}.Debug|Win32.Build.0 = Debug|Win32
		{EFD6A721-5A02-45B8-99BD-896C7FADB755}.Release|Win32.ActiveCfg = Release|Win32
		{EFD6A721-5A02-45B8-99BD-896C7FADB755}.Release|Win32.Build.0 = Release|Win32
	EndGlobalSection
	GlobalSection(SolutionProperties) = preSolution
		HideSolutionNode = FALSE
	EndGlobalSection
EndGlobal
