
Microsoft Visual Studio Solution File, Format Version 12.00
# Visual Studio 2012
Project("{8BC9CEB8-8B4A-11D0-8D11-00A0C91BC942}") = "Demo4_3", "Demo4_3\Demo4_3.vcxproj", "{984AD9C2-C181-477C-AB4D-5AF4ECD0A669}"
EndProject
Global
	GlobalSection(SolutionConfigurationPlatforms) = preSolution
		Debug|Win32 = Debug|Win32
		Release|Win32 = Release|Win32
	EndGlobalSection
	GlobalSection(ProjectConfigurationPlatforms) = postSolution
		{984AD9C2-C181-477C-AB4D-5AF4ECD0A669}.Debug|Win32.ActiveCfg = Debug|Win32
		{984AD9C2-C181-477C-AB4D-5AF4ECD0A669}.Debug|Win32.Build.0 = Debug|Win32
		{984AD9C2-C181-477C-AB4D-5AF4ECD0A669}.Release|Win32.ActiveCfg = Release|Win32
		{984AD9C2-C181-477C-AB4D-5AF4ECD0A669}.Release|Win32.Build.0 = Release|Win32
	EndGlobalSection
	GlobalSection(SolutionProperties) = preSolution
		HideSolutionNode = FALSE
	EndGlobalSection
EndGlobal
